{
  "name": "htw-stencil-clock",
  "version": "0.0.3",
  "lockfileVersion": 1,
  "requires": true,
  "dependencies": {
    "@stencil/core": {
      "version": "1.0.0-beta.1",
      "resolved": "https://registry.npmjs.org/@stencil/core/-/core-1.0.0-beta.1.tgz",
      "integrity": "sha512-ZViM962QYuujaHkaKxD275Nh5b43QF7fa1dsTu9W2WguxB8MJOhcS2GXAci4WGeoMxxH/sD7bIibeVQxdjY2HA==",
      "dev": true,
      "requires": {
        "typescript": "3.4.5"
      }
    },
    "typescript": {
      "version": "3.4.5",
      "resolved": "https://registry.npmjs.org/typescript/-/typescript-3.4.5.tgz",
      "integrity": "sha512-YycBxUb49UUhdNMU5aJ7z5Ej2XGmaIBL0x34vZ82fn3hGvD+bgrMrVDpatgz2f7YxUMJxMkbWxJZeAvDxVe7Vw==",
      "dev": true
    }
  }
}
